
Microsoft Visual Studio Solution File, Format Version 12.00
# Visual Studio Version 17
VisualStudioVersion = 17.10.35013.160
MinimumVisualStudioVersion = 10.0.40219.1
Project("{FAE04EC0-301F-11D3-BF4B-00C04F79EFBC}") = "firstApp", "firstApp\firstApp.csproj", "{875C0988-2536-46B2-91A8-2F51741698EC}"
EndProject
Global
	GlobalSection(SolutionConfigurationPlatforms) = preSolution
		Debug|Any CPU = Debug|Any CPU
		Release|Any CPU = Release|Any CPU
	EndGlobalSection
	GlobalSection(ProjectConfigurationPlatforms) = postSolution
		{875C0988-2536-46B2-91A8-2F51741698EC}.Debug|Any CPU.ActiveCfg = Debug|Any CPU
		{875C0988-2536-46B2-91A8-2F51741698EC}.Debug|Any CPU.Build.0 = Debug|Any CPU
		{875C0988-2536-46B2-91A8-2F51741698EC}.Release|Any CPU.ActiveCfg = Release|Any CPU
		{875C0988-2536-46B2-91A8-2F51741698EC}.Release|Any CPU.Build.0 = Release|Any CPU
	EndGlobalSection
	GlobalSection(SolutionProperties) = preSolution
		HideSolutionNode = FALSE
	EndGlobalSection
	GlobalSection(ExtensibilityGlobals) = postSolution
		SolutionGuid = {BCFFFF28-8807-482D-B359-2797955064D2}
	EndGlobalSection
EndGlobal
